// !$*UTF8*$!
{
	archiveVersion = 1;
	classes = {
	};
	objectVersion = 46;
	objects = {

/* Begin PBXBuildFile section */
		1196E9D41F3DD4740099049E /* SomeObjectReponse.json in Resources */ = {isa = PBXBuildFile; fileRef = 1196E9D31F3DD1660099049E /* SomeObjectReponse.json */; };
		119EC6281F3DE0A2003F859E /* SomeJson.json in Resources */ = {isa = PBXBuildFile; fileRef = 119EC6271F3DE0A2003F859E /* SomeJson.json */; };
		11DD9EE91F4568480000C779 /* IndiaStates.csv in Resources */ = {isa = PBXBuildFile; fileRef = 11DD9EE81F4568480000C779 /* IndiaStates.csv */; };
		11E5452B1F3DCF6100F62164 /* AppDelegate.swift in Sources */ = {isa = PBXBuildFile; fileRef = 11E5452A1F3DCF6100F62164 /* AppDelegate.swift */; };
		11E5452D1F3DCF6100F62164 /* ViewController.swift in Sources */ = {isa = PBXBuildFile; fileRef = 11E5452C1F3DCF6100F62164 /* ViewController.swift */; };
		11E545301F3DCF6100F62164 /* Main.storyboard in Resources */ = {isa = PBXBuildFile; fileRef = 11E5452E1F3DCF6100F62164 /* Main.storyboard */; };
		11E545321F3DCF6100F62164 /* Assets.xcassets in Resources */ = {isa = PBXBuildFile; fileRef = 11E545311F3DCF6100F62164 /* Assets.xcassets */; };
		11E545351F3DCF6100F62164 /* LaunchScreen.storyboard in Resources */ = {isa = PBXBuildFile; fileRef = 11E545331F3DCF6100F62164 /* LaunchScreen.storyboard */; };
		11E5453D1F3DCF7000F62164 /* LeoReadBundle.swift in Sources */ = {isa = PBXBuildFile; fileRef = 11E5453C1F3DCF7000F62164 /* LeoReadBundle.swift */; };
/* End PBXBuildFile section */

/* Begin PBXFileReference section */
		1196E9D21F3DD0180099049E /* README.md */ = {isa = PBXFileReference; lastKnownFileType = net.daringfireball.markdown; path = README.md; sourceTree = "<group>"; };
		1196E9D31F3DD1660099049E /* SomeObjectReponse.json */ = {isa = PBXFileReference; lastKnownFileType = text.json; path = SomeObjectReponse.json; sourceTree = "<group>"; xcLanguageSpecificationIdentifier = xcode.lang.javascript; };
		119EC6271F3DE0A2003F859E /* SomeJson.json */ = {isa = PBXFileReference; lastKnownFileType = text.json; path = SomeJson.json; sourceTree = "<group>"; };
		11DD9EE81F4568480000C779 /* IndiaStates.csv */ = {isa = PBXFileReference; fileEncoding = 4; lastKnownFileType = text; path = IndiaStates.csv; sourceTree = "<group>"; };
		11E545271F3DCF6100F62164 /* BundleRead.app */ = {isa = PBXFileReference; explicitFileType = wrapper.application; includeInIndex = 0; path = BundleRead.app; sourceTree = BUILT_PRODUCTS_DIR; };
		11E5452A1F3DCF6100F62164 /* AppDelegate.swift */ = {isa = PBXFileReference; lastKnownFileType = sourcecode.swift; path = AppDelegate.swift; sourceTree = "<group>"; };
		11E5452C1F3DCF6100F62164 /* ViewController.swift */ = {isa = PBXFileReference; lastKnownFileType = sourcecode.swift; path = ViewController.swift; sourceTree = "<group>"; };
		11E5452F1F3DCF6100F62164 /* Base */ = {isa = PBXFileReference; lastKnownFileType = file.storyboard; name = Base; path = Base.lproj/Main.storyboard; sourceTree = "<group>"; };
		11E545311F3DCF6100F62164 /* Assets.xcassets */ = {isa = PBXFileReference; lastKnownFileType = folder.assetcatalog; path = Assets.xcassets; sourceTree = "<group>"; };
		11E545341F3DCF6100F62164 /* Base */ = {isa = PBXFileReference; lastKnownFileType = file.storyboard; name = Base; path = Base.lproj/LaunchScreen.storyboard; sourceTree = "<group>"; };
		11E545361F3DCF6100F62164 /* Info.plist */ = {isa = PBXFileReference; lastKnownFileType = text.plist.xml; path = Info.plist; sourceTree = "<group>"; };
		11E5453C1F3DCF7000F62164 /* LeoReadBundle.swift */ = {isa = PBXFileReference; fileEncoding = 4; lastKnownFileType = sourcecode.swift; path = LeoReadBundle.swift; sourceTree = "<group>"; };
/* End PBXFileReference section */

/* Begin PBXFrameworksBuildPhase section */
		11E545241F3DCF6100F62164 /* Frameworks */ = {
			isa = PBXFrameworksBuildPhase;
			buildActionMask = 2147483647;
			files = (
			);
			runOnlyForDeploymentPostprocessing = 0;
		};
/* End PBXFrameworksBuildPhase section */

/* Begin PBXGroup section */
		11E5451E1F3DCF6100F62164 = {
			isa = PBXGroup;
			children = (
				11E545291F3DCF6100F62164 /* BundleRead */,
				11E545281F3DCF6100F62164 /* Products */,
			);
			sourceTree = "<group>";
		};
		11E545281F3DCF6100F62164 /* Products */ = {
			isa = PBXGroup;
			children = (
				11E545271F3DCF6100F62164 /* BundleRead.app */,
			);
			name = Products;
			sourceTree = "<group>";
		};
		11E545291F3DCF6100F62164 /* BundleRead */ = {
			isa = PBXGroup;
			children = (
				11E5452A1F3DCF6100F62164 /* AppDelegate.swift */,
				11E5452C1F3DCF6100F62164 /* ViewController.swift */,
				11DD9EE81F4568480000C779 /* IndiaStates.csv */,
				11E5453C1F3DCF7000F62164 /* LeoReadBundle.swift */,
				1196E9D31F3DD1660099049E /* SomeObjectReponse.json */,
				119EC6271F3DE0A2003F859E /* SomeJson.json */,
				1196E9D21F3DD0180099049E /* README.md */,
				11E5452E1F3DCF6100F62164 /* Main.storyboard */,
				11E545311F3DCF6100F62164 /* Assets.xcassets */,
				11E545331F3DCF6100F62164 /* LaunchScreen.storyboard */,
				11E545361F3DCF6100F62164 /* Info.plist */,
			);
			path = BundleRead;
			sourceTree = "<group>";
		};
/* End PBXGroup section */

/* Begin PBXNativeTarget section */
		11E545261F3DCF6100F62164 /* BundleRead */ = {
			isa = PBXNativeTarget;
			buildConfigurationList = 11E545391F3DCF6100F62164 /* Build configuration list for PBXNativeTarget "BundleRead" */;
			buildPhases = (
				11E545231F3DCF6100F62164 /* Sources */,
				11E545241F3DCF6100F62164 /* Frameworks */,
				11E545251F3DCF6100F62164 /* Resources */,
			);
			buildRules = (
			);
			dependencies = (
			);
			name = BundleRead;
			productName = BundleRead;
			productReference = 11E545271F3DCF6100F62164 /* BundleRead.app */;
			productType = "com.apple.product-type.application";
		};
/* End PBXNativeTarget section */

/* Begin PBXProject section */
		11E5451F1F3DCF6100F62164 /* Project object */ = {
			isa = PBXProject;
			attributes = {
				LastSwiftUpdateCheck = 0830;
				LastUpgradeCheck = 0830;
				ORGANIZATIONNAME = "vijay vir";
				TargetAttributes = {
					11E545261F3DCF6100F62164 = {
						CreatedOnToolsVersion = 8.3.3;
						ProvisioningStyle = Automatic;
					};
				};
			};
			buildConfigurationList = 11E545221F3DCF6100F62164 /* Build configuration list for PBXProject "BundleRead" */;
			compatibilityVersion = "Xcode 3.2";
			developmentRegion = English;
			hasScannedForEncodings = 0;
			knownRegions = (
				en,
				Base,
			);
			mainGroup = 11E5451E1F3DCF6100F62164;
			productRefGroup = 11E545281F3DCF6100F62164 /* Products */;
			projectDirPath = "";
			projectRoot = "";
			targets = (
				11E545261F3DCF6100F62164 /* BundleRead */,
			);
		};
/* End PBXProject section */

/* Begin PBXResourcesBuildPhase section */
		11E545251F3DCF6100F62164 /* Resources */ = {
			isa = PBXResourcesBuildPhase;
			buildActionMask = 2147483647;
			files = (
				119EC6281F3DE0A2003F859E /* SomeJson.json in Resources */,
				11E545351F3DCF6100F62164 /* LaunchScreen.storyboard in Resources */,
				11E545321F3DCF6100F62164 /* Assets.xcassets in Resources */,
				1196E9D41F3DD4740099049E /* SomeObjectReponse.json in Resources */,
				11E545301F3DCF6100F62164 /* Main.storyboard in Resources */,
				11DD9EE91F4568480000C779 /* IndiaStates.csv in Resources */,
			);
			runOnlyForDeploymentPostprocessing = 0;
		};
/* End PBXResourcesBuildPhase section */

/* Begin PBXSourcesBuildPhase section */
		11E545231F3DCF6100F62164 /* Sources */ = {
			isa = PBXSourcesBuildPhase;
			buildActionMask = 2147483647;
			files = (
				11E5452D1F3DCF6100F62164 /* ViewController.swift in Sources */,
				11E5452B1F3DCF6100F62164 /* AppDelegate.swift in Sources */,
				11E5453D1F3DCF7000F62164 /* LeoReadBundle.swift in Sources */,
			);
			runOnlyForDeploymentPostprocessing = 0;
		};
/* End PBXSourcesBuildPhase section */

/* Begin PBXVariantGroup section */
		11E5452E1F3DCF6100F62164 /* Main.storyboard */ = {
			isa = PBXVariantGroup;
			children = (
				11E5452F1F3DCF6100F62164 /* Base */,
			);
			name = Main.storyboard;
			sourceTree = "<group>";
		};
		11E545331F3DCF6100F62164 /* LaunchScreen.storyboard */ = {
			isa = PBXVariantGroup;
			children = (
				11E545341F3DCF6100F62164 /* Base */,
			);
			name = LaunchScreen.storyboard;
			sourceTree = "<group>";
		};
/* End PBXVariantGroup section */

/* Begin XCBuildConfiguration section */
		11E545371F3DCF6100F62164 /* Debug */ = {
			isa = XCBuildConfiguration;
			buildSettings = {
				ALWAYS_SEARCH_USER_PATHS = NO;
				CLANG_ANALYZER_NONNULL = YES;
				CLANG_ANALYZER_NUMBER_OBJECT_CONVERSION = YES_AGGRESSIVE;
				CLANG_CXX_LANGUAGE_STANDARD = "gnu++0x";
				CLANG_CXX_LIBRARY = "libc++";
				CLANG_ENABLE_MODULES = YES;
				CLANG_ENABLE_OBJC_ARC = YES;
				CLANG_WARN_BOOL_CONVERSION = YES;
				CLANG_WARN_CONSTANT_CONVERSION = YES;
				CLANG_WARN_DIRECT_OBJC_ISA_USAGE = YES_ERROR;
				CLANG_WARN_DOCUMENTATION_COMMENTS = YES;
				CLANG_WARN_EMPTY_BODY = YES;
				CLANG_WARN_ENUM_CONVERSION = YES;
				CLANG_WARN_INFINITE_RECURSION = YES;
				CLANG_WARN_INT_CONVERSION = YES;
				CLANG_WARN_OBJC_ROOT_CLASS = YES_ERROR;
				CLANG_WARN_SUSPICIOUS_MOVE = YES;
				CLANG_WARN_UNREACHABLE_CODE = YES;
				CLANG_WARN__DUPLICATE_METHOD_MATCH = YES;
				"CODE_SIGN_IDENTITY[sdk=iphoneos*]" = "iPhone Developer";
				COPY_PHASE_STRIP = NO;
				DEBUG_INFORMATION_FORMAT = dwarf;
				ENABLE_STRICT_OBJC_MSGSEND = YES;
				ENABLE_TESTABILITY = YES;
				GCC_C_LANGUAGE_STANDARD = gnu99;
				GCC_DYNAMIC_NO_PIC = NO;
				GCC_NO_COMMON_BLOCKS = YES;
				GCC_OPTIMIZATION_LEVEL = 0;
				GCC_PREPROCESSOR_DEFINITIONS = (
					"DEBUG=1",
					"$(inherited)",
				);
				GCC_WARN_64_TO_32_BIT_CONVERSION = YES;
				GCC_WARN_ABOUT_RETURN_TYPE = YES_ERROR;
				GCC_WARN_UNDECLARED_SELECTOR = YES;
				GCC_WARN_UNINITIALIZED_AUTOS = YES_AGGRESSIVE;
				GCC_WARN_UNUSED_FUNCTION = YES;
				GCC_WARN_UNUSED_VARIABLE = YES;
				IPHONEOS_DEPLOYMENT_TARGET = 10.3;
				MTL_ENABLE_DEBUG_INFO = YES;
				ONLY_ACTIVE_ARCH = YES;
				SDKROOT = iphoneos;
				SWIFT_ACTIVE_COMPILATION_CONDITIONS = DEBUG;
				SWIFT_OPTIMIZATION_LEVEL = "-Onone";
			};
			name = Debug;
		};
		11E545381F3DCF6100F62164 /* Release */ = {
			isa = XCBuildConfiguration;
			buildSettings = {
				ALWAYS_SEARCH_USER_PATHS = NO;
				CLANG_ANALYZER_NONNULL = YES;
				CLANG_ANALYZER_NUMBER_OBJECT_CONVERSION = YES_AGGRESSIVE;
				CLANG_CXX_LANGUAGE_STANDARD = "gnu++0x";
				CLANG_CXX_LIBRARY = "libc++";
				CLANG_ENABLE_MODULES = YES;
				CLANG_ENABLE_OBJC_ARC = YES;
				CLANG_WARN_BOOL_CONVERSION = YES;
				CLANG_WARN_CONSTANT_CONVERSION = YES;
				CLANG_WARN_DIRECT_OBJC_ISA_USAGE = YES_ERROR;
				CLANG_WARN_DOCUMENTATION_COMMENTS = YES;
				CLANG_WARN_EMPTY_BODY = YES;
				CLANG_WARN_ENUM_CONVERSION = YES;
				CLANG_WARN_INFINITE_RECURSION = YES;
				CLANG_WARN_INT_CONVERSION = YES;
				CLANG_WARN_OBJC_ROOT_CLASS = YES_ERROR;
				CLANG_WARN_SUSPICIOUS_MOVE = YES;
				CLANG_WARN_UNREACHABLE_CODE = YES;
				CLANG_WARN__DUPLICATE_METHOD_MATCH = YES;
				"CODE_SIGN_IDENTITY[sdk=iphoneos*]" = "iPhone Developer";
				COPY_PHASE_STRIP = NO;
				DEBUG_INFORMATION_FORMAT = "dwarf-with-dsym";
				ENABLE_NS_ASSERTIONS = NO;
				ENABLE_STRICT_OBJC_MSGSEND = YES;
				GCC_C_LANGUAGE_STANDARD = gnu99;
				GCC_NO_COMMON_BLOCKS = YES;
				GCC_WARN_64_TO_32_BIT_CONVERSION = YES;
				GCC_WARN_ABOUT_RETURN_TYPE = YES_ERROR;
				GCC_WARN_UNDECLARED_SELECTOR = YES;
				GCC_WARN_UNINITIALIZED_AUTOS = YES_AGGRESSIVE;
				GCC_WARN_UNUSED_FUNCTION = YES;
				GCC_WARN_UNUSED_VARIABLE = YES;
				IPHONEOS_DEPLOYMENT_TARGET = 10.3;
				MTL_ENABLE_DEBUG_INFO = NO;
				SDKROOT = iphoneos;
				SWIFT_OPTIMIZATION_LEVEL = "-Owholemodule";
				VALIDATE_PRODUCT = YES;
			};
			name = Release;
		};
		11E5453A1F3DCF6100F62164 /* Debug */ = {
			isa = XCBuildConfiguration;
			buildSettings = {
				ASSETCATALOG_COMPILER_APPICON_NAME = AppIcon;
				INFOPLIST_FILE = BundleRead/Info.plist;
				LD_RUNPATH_SEARCH_PATHS = "$(inherited) @executable_path/Frameworks";
				PRODUCT_BUNDLE_IDENTIFIER = com.Pantlia.BundleRead;
				PRODUCT_NAME = "$(TARGET_NAME)";
				SWIFT_VERSION = 3.0;
			};
			name = Debug;
		};
		11E5453B1F3DCF6100F62164 /* Release */ = {
			isa = XCBuildConfiguration;
			buildSettings = {
				ASSETCATALOG_COMPILER_APPICON_NAME = AppIcon;
				INFOPLIST_FILE = BundleRead/Info.plist;
				LD_RUNPATH_SEARCH_PATHS = "$(inherited) @executable_path/Frameworks";
				PRODUCT_BUNDLE_IDENTIFIER = com.Pantlia.BundleRead;
				PRODUCT_NAME = "$(TARGET_NAME)";
				SWIFT_VERSION = 3.0;
			};
			name = Release;
		};
/* End XCBuildConfiguration section */

/* Begin XCConfigurationList section */
		11E545221F3DCF6100F62164 /* Build configuration list for PBXProject "BundleRead" */ = {
			isa = XCConfigurationList;
			buildConfigurations = (
				11E545371F3DCF6100F62164 /* Debug */,
				11E545381F3DCF6100F62164 /* Release */,
			);
			defaultConfigurationIsVisible = 0;
			defaultConfigurationName = Release;
		};
		11E545391F3DCF6100F62164 /* Build configuration list for PBXNativeTarget "BundleRead" */ = {
			isa = XCConfigurationList;
			buildConfigurations = (
				11E5453A1F3DCF6100F62164 /* Debug */,
				11E5453B1F3DCF6100F62164 /* Release */,
			);
			defaultConfigurationIsVisible = 0;
			defaultConfigurationName = Release;
		};
/* End XCConfigurationList section */
	};
	rootObject = 11E5451F1F3DCF6100F62164 /* Project object */;
}
